// !$*UTF8*$!
{
	archiveVersion = 1;
	classes = {
	};
	objectVersion = 46;
	objects = {

/* Begin PBXBuildFile section */
		5C17971D1E87FBCF00751910 /* Search.storyboard in Resources */ = {isa = PBXBuildFile; fileRef = 5C17971C1E87FBCF00751910 /* Search.storyboard */; };
		5C1797201E87FD7800751910 /* SearchViewCell.swift in Sources */ = {isa = PBXBuildFile; fileRef = 5C17971F1E87FD7800751910 /* SearchViewCell.swift */; };
		5C1797221E87FE7B00751910 /* SearchViewController.swift in Sources */ = {isa = PBXBuildFile; fileRef = 5C1797211E87FE7B00751910 /* SearchViewController.swift */; };
		5C1797241E8800BA00751910 /* SearchData.swift in Sources */ = {isa = PBXBuildFile; fileRef = 5C1797231E8800BA00751910 /* SearchData.swift */; };
		5C1797261E8833F000751910 /* UIManager.swift in Sources */ = {isa = PBXBuildFile; fileRef = 5C1797251E8833F000751910 /* UIManager.swift */; };
		5C1797281E8C0C7E00751910 /* AlertViewController.storyboard in Resources */ = {isa = PBXBuildFile; fileRef = 5C1797271E8C0C7E00751910 /* AlertViewController.storyboard */; };
		5C1A2CE41EABBDD5008C8AE7 /* DateExtension.swift in Sources */ = {isa = PBXBuildFile; fileRef = 5C1A2CE31EABBDD5008C8AE7 /* DateExtension.swift */; };
		5C211F5A1EAE88EA00922379 /* UITextFieldExtension.swift in Sources */ = {isa = PBXBuildFile; fileRef = 5C211F591EAE88EA00922379 /* UITextFieldExtension.swift */; };
		5C211F5C1EAE89AE00922379 /* Global.swift in Sources */ = {isa = PBXBuildFile; fileRef = 5C211F5B1EAE89AE00922379 /* Global.swift */; };
		5C256D7B1EA7E08A003E1276 /* CheckboxView.swift in Sources */ = {isa = PBXBuildFile; fileRef = 5C256D7A1EA7E08A003E1276 /* CheckboxView.swift */; };
		5C8E294B1E80747800206EF0 /* GradientView.swift in Sources */ = {isa = PBXBuildFile; fileRef = 5C8E294A1E80747800206EF0 /* GradientView.swift */; };
		5C8E294D1E80748200206EF0 /* AlertView.swift in Sources */ = {isa = PBXBuildFile; fileRef = 5C8E294C1E80748200206EF0 /* AlertView.swift */; };
		5C8E29641E80777D00206EF0 /* FuturaPTBold.otf in Resources */ = {isa = PBXBuildFile; fileRef = 5C8E294E1E80777D00206EF0 /* FuturaPTBold.otf */; };
		5C8E29651E80777D00206EF0 /* FuturaPTBoldOblique.otf in Resources */ = {isa = PBXBuildFile; fileRef = 5C8E294F1E80777D00206EF0 /* FuturaPTBoldOblique.otf */; };
		5C8E29661E80777D00206EF0 /* FuturaPTBook.otf in Resources */ = {isa = PBXBuildFile; fileRef = 5C8E29501E80777D00206EF0 /* FuturaPTBook.otf */; };
		5C8E29671E80777D00206EF0 /* FuturaPTBookOblique.otf in Resources */ = {isa = PBXBuildFile; fileRef = 5C8E29511E80777D00206EF0 /* FuturaPTBookOblique.otf */; };
		5C8E29681E80777D00206EF0 /* FuturaPTCondBold.otf in Resources */ = {isa = PBXBuildFile; fileRef = 5C8E29521E80777D00206EF0 /* FuturaPTCondBold.otf */; };
		5C8E29691E80777D00206EF0 /* FuturaPTCondBoldOblique.otf in Resources */ = {isa = PBXBuildFile; fileRef = 5C8E29531E80777D00206EF0 /* FuturaPTCondBoldOblique.otf */; };
		5C8E296A1E80777D00206EF0 /* FuturaPTCondBook.otf in Resources */ = {isa = PBXBuildFile; fileRef = 5C8E29541E80777D00206EF0 /* FuturaPTCondBook.otf */; };
		5C8E296B1E80777D00206EF0 /* FuturaPTCondBookOblique.otf in Resources */ = {isa = PBXBuildFile; fileRef = 5C8E29551E80777D00206EF0 /* FuturaPTCondBookOblique.otf */; };
		5C8E296C1E80777D00206EF0 /* FuturaPTCondExtraBold.otf in Resources */ = {isa = PBXBuildFile; fileRef = 5C8E29561E80777D00206EF0 /* FuturaPTCondExtraBold.otf */; };
		5C8E296D1E80777D00206EF0 /* FuturaPTCondExtraBoldOblique.otf in Resources */ = {isa = PBXBuildFile; fileRef = 5C8E29571E80777D00206EF0 /* FuturaPTCondExtraBoldOblique.otf */; };
		5C8E296E1E80777D00206EF0 /* FuturaPTCondMedium.otf in Resources */ = {isa = PBXBuildFile; fileRef = 5C8E29581E80777D00206EF0 /* FuturaPTCondMedium.otf */; };
		5C8E296F1E80777D00206EF0 /* FuturaPTCondMediumOblique.otf in Resources */ = {isa = PBXBuildFile; fileRef = 5C8E29591E80777D00206EF0 /* FuturaPTCondMediumOblique.otf */; };
		5C8E29701E80777D00206EF0 /* FuturaPTDemi.otf in Resources */ = {isa = PBXBuildFile; fileRef = 5C8E295A1E80777D00206EF0 /* FuturaPTDemi.otf */; };
		5C8E29711E80777D00206EF0 /* FuturaPTDemiOblique.otf in Resources */ = {isa = PBXBuildFile; fileRef = 5C8E295B1E80777D00206EF0 /* FuturaPTDemiOblique.otf */; };
		5C8E29721E80777D00206EF0 /* FuturaPTExtraBold.otf in Resources */ = {isa = PBXBuildFile; fileRef = 5C8E295C1E80777D00206EF0 /* FuturaPTExtraBold.otf */; };
		5C8E29731E80777D00206EF0 /* FuturaPTExtraBoldOblique.otf in Resources */ = {isa = PBXBuildFile; fileRef = 5C8E295D1E80777D00206EF0 /* FuturaPTExtraBoldOblique.otf */; };
		5C8E29741E80777D00206EF0 /* FuturaPTHeavy.otf in Resources */ = {isa = PBXBuildFile; fileRef = 5C8E295E1E80777D00206EF0 /* FuturaPTHeavy.otf */; };
		5C8E29751E80777D00206EF0 /* FuturaPTHeavyOblique.otf in Resources */ = {isa = PBXBuildFile; fileRef = 5C8E295F1E80777D00206EF0 /* FuturaPTHeavyOblique.otf */; };
		5C8E29761E80777D00206EF0 /* FuturaPTLight.otf in Resources */ = {isa = PBXBuildFile; fileRef = 5C8E29601E80777D00206EF0 /* FuturaPTLight.otf */; };
		5C8E29771E80777D00206EF0 /* FuturaPTLightOblique.otf in Resources */ = {isa = PBXBuildFile; fileRef = 5C8E29611E80777D00206EF0 /* FuturaPTLightOblique.otf */; };
		5C8E29781E80777D00206EF0 /* FuturaPTMedium.otf in Resources */ = {isa = PBXBuildFile; fileRef = 5C8E29621E80777D00206EF0 /* FuturaPTMedium.otf */; };
		5C8E29791E80777D00206EF0 /* FuturaPTMediumOblique.otf in Resources */ = {isa = PBXBuildFile; fileRef = 5C8E29631E80777D00206EF0 /* FuturaPTMediumOblique.otf */; };
		5C9754561E9162430073D282 /* TextField.swift in Sources */ = {isa = PBXBuildFile; fileRef = 5C9754541E9162430073D282 /* TextField.swift */; };
		5C9754571E9162430073D282 /* UIConstants.swift in Sources */ = {isa = PBXBuildFile; fileRef = 5C9754551E9162430073D282 /* UIConstants.swift */; };
		5C97545A1E9162530073D282 /* AirticketSearchCityResultList.swift in Sources */ = {isa = PBXBuildFile; fileRef = 5C9754581E9162530073D282 /* AirticketSearchCityResultList.swift */; };
		5C97545B1E9162530073D282 /* SearchCityViewDelegate.swift in Sources */ = {isa = PBXBuildFile; fileRef = 5C9754591E9162530073D282 /* SearchCityViewDelegate.swift */; };
		5C97545D1E91646D0073D282 /* AirticketSearchView.swift in Sources */ = {isa = PBXBuildFile; fileRef = 5C97545C1E91646D0073D282 /* AirticketSearchView.swift */; };
		5CD711561E97EEC500969516 /* AlertViewController.swift in Sources */ = {isa = PBXBuildFile; fileRef = 5CD711551E97EEC500969516 /* AlertViewController.swift */; };
		5CEC35501E957BD7004B69DA /* Calendar.storyboard in Resources */ = {isa = PBXBuildFile; fileRef = 5CEC35241E957BD7004B69DA /* Calendar.storyboard */; };
		5CEC35511E957BD7004B69DA /* FSCalendar+Deprecated.m in Sources */ = {isa = PBXBuildFile; fileRef = 5CEC35261E957BD7004B69DA /* FSCalendar+Deprecated.m */; };
		5CEC35521E957BD7004B69DA /* FSCalendar.m in Sources */ = {isa = PBXBuildFile; fileRef = 5CEC35281E957BD7004B69DA /* FSCalendar.m */; };
		5CEC35531E957BD7004B69DA /* FSCalendarAppearance.m in Sources */ = {isa = PBXBuildFile; fileRef = 5CEC352A1E957BD7004B69DA /* FSCalendarAppearance.m */; };
		5CEC35541E957BD7004B69DA /* FSCalendarCalculator.m in Sources */ = {isa = PBXBuildFile; fileRef = 5CEC352C1E957BD7004B69DA /* FSCalendarCalculator.m */; };
		5CEC35551E957BD7004B69DA /* FSCalendarCell.m in Sources */ = {isa = PBXBuildFile; fileRef = 5CEC352E1E957BD7004B69DA /* FSCalendarCell.m */; };
		5CEC35561E957BD7004B69DA /* FSCalendarCollectionView.m in Sources */ = {isa = PBXBuildFile; fileRef = 5CEC35301E957BD7004B69DA /* FSCalendarCollectionView.m */; };
		5CEC35571E957BD7004B69DA /* FSCalendarCollectionViewLayout.m in Sources */ = {isa = PBXBuildFile; fileRef = 5CEC35321E957BD7004B69DA /* FSCalendarCollectionViewLayout.m */; };
		5CEC35581E957BD7004B69DA /* FSCalendarConstants.m in Sources */ = {isa = PBXBuildFile; fileRef = 5CEC35341E957BD7004B69DA /* FSCalendarConstants.m */; };
		5CEC35591E957BD7004B69DA /* FSCalendarDelegationFactory.m in Sources */ = {isa = PBXBuildFile; fileRef = 5CEC35361E957BD7004B69DA /* FSCalendarDelegationFactory.m */; };
		5CEC355A1E957BD7004B69DA /* FSCalendarDelegationProxy.m in Sources */ = {isa = PBXBuildFile; fileRef = 5CEC35381E957BD7004B69DA /* FSCalendarDelegationProxy.m */; };
		5CEC355B1E957BD7004B69DA /* FSCalendarExtensions.m in Sources */ = {isa = PBXBuildFile; fileRef = 5CEC353B1E957BD7004B69DA /* FSCalendarExtensions.m */; };
		5CEC355C1E957BD7004B69DA /* FSCalendarHeaderView.m in Sources */ = {isa = PBXBuildFile; fileRef = 5CEC353D1E957BD7004B69DA /* FSCalendarHeaderView.m */; };
		5CEC355D1E957BD7004B69DA /* FSCalendarScopeHandle.m in Sources */ = {isa = PBXBuildFile; fileRef = 5CEC353F1E957BD7004B69DA /* FSCalendarScopeHandle.m */; };
		5CEC355E1E957BD7004B69DA /* FSCalendarStickyHeader.m in Sources */ = {isa = PBXBuildFile; fileRef = 5CEC35411E957BD7004B69DA /* FSCalendarStickyHeader.m */; };
		5CEC355F1E957BD7004B69DA /* FSCalendarTransitionCoordinator.m in Sources */ = {isa = PBXBuildFile; fileRef = 5CEC35431E957BD7004B69DA /* FSCalendarTransitionCoordinator.m */; };
		5CEC35601E957BD7004B69DA /* FSCalendarWeekdayView.m in Sources */ = {isa = PBXBuildFile; fileRef = 5CEC35451E957BD7004B69DA /* FSCalendarWeekdayView.m */; };
		5CEC35611E957BD7004B69DA /* Info.plist in Resources */ = {isa = PBXBuildFile; fileRef = 5CEC35461E957BD7004B69DA /* Info.plist */; };
		5CEC35631E957BD7004B69DA /* GTCalendarCell.swift in Sources */ = {isa = PBXBuildFile; fileRef = 5CEC35481E957BD7004B69DA /* GTCalendarCell.swift */; };
		5CEC35651E957BD7004B69DA /* GTCalendarDelegate.swift in Sources */ = {isa = PBXBuildFile; fileRef = 5CEC354A1E957BD7004B69DA /* GTCalendarDelegate.swift */; };
		5CEC35661E957BD7004B69DA /* GTCalendarView.swift in Sources */ = {isa = PBXBuildFile; fileRef = 5CEC354B1E957BD7004B69DA /* GTCalendarView.swift */; };
		5CEC35681E957BD7004B69DA /* OneDateCalendarController.swift in Sources */ = {isa = PBXBuildFile; fileRef = 5CEC354D1E957BD7004B69DA /* OneDateCalendarController.swift */; };
		5CEC35691E957BD7004B69DA /* RangeOfDatesCalendarController.swift in Sources */ = {isa = PBXBuildFile; fileRef = 5CEC354E1E957BD7004B69DA /* RangeOfDatesCalendarController.swift */; };
		5CEC35701E957F20004B69DA /* DIYCalendarCell.swift in Sources */ = {isa = PBXBuildFile; fileRef = 5CEC356F1E957F20004B69DA /* DIYCalendarCell.swift */; };
		99BF73E424B1BADBA5B397B6 /* Pods_GTickets.framework in Frameworks */ = {isa = PBXBuildFile; fileRef = D3FD796CA1B0F6240F274551 /* Pods_GTickets.framework */; };
		F904A52E1E7DC34200911C67 /* MasterViewController.swift in Sources */ = {isa = PBXBuildFile; fileRef = F904A52D1E7DC34200911C67 /* MasterViewController.swift */; };
		F904A5301E7DDE8700911C67 /* AirticketSearchViewController.swift in Sources */ = {isa = PBXBuildFile; fileRef = F904A52F1E7DDE8700911C67 /* AirticketSearchViewController.swift */; };
		F904A5321E7DDEE400911C67 /* OrderViewController.swift in Sources */ = {isa = PBXBuildFile; fileRef = F904A5311E7DDEE400911C67 /* OrderViewController.swift */; };
		F904A5341E7DF74D00911C67 /* ProfileViewController.swift in Sources */ = {isa = PBXBuildFile; fileRef = F904A5331E7DF74D00911C67 /* ProfileViewController.swift */; };
		F904B7BD1E807A6E00F6297E /* MasterView.swift in Sources */ = {isa = PBXBuildFile; fileRef = F904B7BC1E807A6E00F6297E /* MasterView.swift */; };
		F907127D1E9597BC00FF789F /* AirticketSearchData.swift in Sources */ = {isa = PBXBuildFile; fileRef = F907127C1E9597BC00FF789F /* AirticketSearchData.swift */; };
		F90F00E51E94411E00B796E3 /* UIViewExtension.swift in Sources */ = {isa = PBXBuildFile; fileRef = F90F00E41E94411E00B796E3 /* UIViewExtension.swift */; };
		F9189D301E7BEEE100C6F7D5 /* LeftMenuCell.swift in Sources */ = {isa = PBXBuildFile; fileRef = F9189D2C1E7BEEE100C6F7D5 /* LeftMenuCell.swift */; };
		F9189D311E7BEEE100C6F7D5 /* LeftMenuCell.xib in Resources */ = {isa = PBXBuildFile; fileRef = F9189D2D1E7BEEE100C6F7D5 /* LeftMenuCell.xib */; };
		F9189D321E7BEEE100C6F7D5 /* LeftMenuView.swift in Sources */ = {isa = PBXBuildFile; fileRef = F9189D2E1E7BEEE100C6F7D5 /* LeftMenuView.swift */; };
		F9189D361E7BEF0300C6F7D5 /* LeftMenuViewController.swift in Sources */ = {isa = PBXBuildFile; fileRef = F9189D341E7BEF0300C6F7D5 /* LeftMenuViewController.swift */; };
		F9189D371E7BEF0300C6F7D5 /* MainViewController.swift in Sources */ = {isa = PBXBuildFile; fileRef = F9189D351E7BEF0300C6F7D5 /* MainViewController.swift */; };
		F919BDAF1E97CF5700FFB678 /* AirticketSearchPickerDelegate.swift in Sources */ = {isa = PBXBuildFile; fileRef = F919BDAE1E97CF5700FFB678 /* AirticketSearchPickerDelegate.swift */; };
		F93A58481E91802A00148AB8 /* UIButtonExtension.swift in Sources */ = {isa = PBXBuildFile; fileRef = F93A58471E91802A00148AB8 /* UIButtonExtension.swift */; };
		F93A584A1E91815500148AB8 /* CGColorExtension.swift in Sources */ = {isa = PBXBuildFile; fileRef = F93A58491E91815500148AB8 /* CGColorExtension.swift */; };
		F94A6CEE1E88531D00F84525 /* AirticketSearchViewController.storyboard in Resources */ = {isa = PBXBuildFile; fileRef = F94A6CED1E88531D00F84525 /* AirticketSearchViewController.storyboard */; };
		F94A7AE91E768D2B004ED5FD /* AppDelegate.swift in Sources */ = {isa = PBXBuildFile; fileRef = F94A7AE81E768D2B004ED5FD /* AppDelegate.swift */; };
		F94A7AF01E768D2B004ED5FD /* Assets.xcassets in Resources */ = {isa = PBXBuildFile; fileRef = F94A7AEF1E768D2B004ED5FD /* Assets.xcassets */; };
		F9508CD21E7F28FC0064D071 /* BuyingTipsViewController.swift in Sources */ = {isa = PBXBuildFile; fileRef = F9508CD11E7F28FC0064D071 /* BuyingTipsViewController.swift */; };
		F9508CD41E7F293F0064D071 /* ContactsViewController.swift in Sources */ = {isa = PBXBuildFile; fileRef = F9508CD31E7F293F0064D071 /* ContactsViewController.swift */; };
		F9508CD61E7F29650064D071 /* FeedbackViewController.swift in Sources */ = {isa = PBXBuildFile; fileRef = F9508CD51E7F29650064D071 /* FeedbackViewController.swift */; };
		F9508CD81E7F29850064D071 /* ShareViewController.swift in Sources */ = {isa = PBXBuildFile; fileRef = F9508CD71E7F29850064D071 /* ShareViewController.swift */; };
		F9508CDA1E7F29C60064D071 /* SettingsViewController.swift in Sources */ = {isa = PBXBuildFile; fileRef = F9508CD91E7F29C60064D071 /* SettingsViewController.swift */; };
		F957FBC21E8CECE6006B6825 /* ProfileViewController.storyboard in Resources */ = {isa = PBXBuildFile; fileRef = F957FBC11E8CECE6006B6825 /* ProfileViewController.storyboard */; };
		F957FBC41E8CED13006B6825 /* OrderViewController.storyboard in Resources */ = {isa = PBXBuildFile; fileRef = F957FBC31E8CED13006B6825 /* OrderViewController.storyboard */; };
		F957FBC61E8CEDC6006B6825 /* BuyingTipsViewController.storyboard in Resources */ = {isa = PBXBuildFile; fileRef = F957FBC51E8CEDC6006B6825 /* BuyingTipsViewController.storyboard */; };
		F957FBC81E8CEDD9006B6825 /* ContactsViewController.storyboard in Resources */ = {isa = PBXBuildFile; fileRef = F957FBC71E8CEDD9006B6825 /* ContactsViewController.storyboard */; };
		F957FBCA1E8CEDE6006B6825 /* FeedbackViewController.storyboard in Resources */ = {isa = PBXBuildFile; fileRef = F957FBC91E8CEDE6006B6825 /* FeedbackViewController.storyboard */; };
		F957FBCC1E8CEE23006B6825 /* ShareViewController.storyboard in Resources */ = {isa = PBXBuildFile; fileRef = F957FBCB1E8CEE23006B6825 /* ShareViewController.storyboard */; };
		F957FBCF1E8CEE55006B6825 /* SettingsViewController.storyboard in Resources */ = {isa = PBXBuildFile; fileRef = F957FBCE1E8CEE55006B6825 /* SettingsViewController.storyboard */; };
		F957FBD11E8CF0FF006B6825 /* LeftMenuViewController.storyboard in Resources */ = {isa = PBXBuildFile; fileRef = F957FBD01E8CF0FF006B6825 /* LeftMenuViewController.storyboard */; };
		F957FBD71E8CF26F006B6825 /* UIViewControllerExtension.swift in Sources */ = {isa = PBXBuildFile; fileRef = F957FBD31E8CF26F006B6825 /* UIViewControllerExtension.swift */; };
		F957FBDA1E8CF2CC006B6825 /* Constants.swift in Sources */ = {isa = PBXBuildFile; fileRef = F957FBD91E8CF2CC006B6825 /* Constants.swift */; };
		F957FBDC1E8CF3BE006B6825 /* RequestManager.swift in Sources */ = {isa = PBXBuildFile; fileRef = F957FBDB1E8CF3BE006B6825 /* RequestManager.swift */; };
		F957FBDE1E8CF46D006B6825 /* MasterNavigationController.swift in Sources */ = {isa = PBXBuildFile; fileRef = F957FBDD1E8CF46D006B6825 /* MasterNavigationController.swift */; };
		F957FBE01E8CF4BC006B6825 /* MasterNavigationController.storyboard in Resources */ = {isa = PBXBuildFile; fileRef = F957FBDF1E8CF4BC006B6825 /* MasterNavigationController.storyboard */; };
		F9A3BA791E8CFFE000A95CC6 /* Main.storyboard in Resources */ = {isa = PBXBuildFile; fileRef = F9A3BA781E8CFFE000A95CC6 /* Main.storyboard */; };
		F9B619471E8ABBF7000D3157 /* SearchCityData.swift in Sources */ = {isa = PBXBuildFile; fileRef = F9B619461E8ABBF7000D3157 /* SearchCityData.swift */; };
		F9B619491E8ABCCB000D3157 /* SearchCityViewCell.swift in Sources */ = {isa = PBXBuildFile; fileRef = F9B619481E8ABCCB000D3157 /* SearchCityViewCell.swift */; };
/* End PBXBuildFile section */

/* Begin PBXFileReference section */
		5C17971C1E87FBCF00751910 /* Search.storyboard */ = {isa = PBXFileReference; fileEncoding = 4; lastKnownFileType = file.storyboard; path = Search.storyboard; sourceTree = "<group>"; };
		5C17971F1E87FD7800751910 /* SearchViewCell.swift */ = {isa = PBXFileReference; fileEncoding = 4; lastKnownFileType = sourcecode.swift; path = SearchViewCell.swift; sourceTree = "<group>"; };
		5C1797211E87FE7B00751910 /* SearchViewController.swift */ = {isa = PBXFileReference; fileEncoding = 4; lastKnownFileType = sourcecode.swift; path = SearchViewController.swift; sourceTree = "<group>"; };
		5C1797231E8800BA00751910 /* SearchData.swift */ = {isa = PBXFileReference; fileEncoding = 4; lastKnownFileType = sourcecode.swift; path = SearchData.swift; sourceTree = "<group>"; };
		5C1797251E8833F000751910 /* UIManager.swift */ = {isa = PBXFileReference; fileEncoding = 4; lastKnownFileType = sourcecode.swift; path = UIManager.swift; sourceTree = "<group>"; };
		5C1797271E8C0C7E00751910 /* AlertViewController.storyboard */ = {isa = PBXFileReference; fileEncoding = 4; lastKnownFileType = file.storyboard; path = AlertViewController.storyboard; sourceTree = "<group>"; };
		5C1A2CE31EABBDD5008C8AE7 /* DateExtension.swift */ = {isa = PBXFileReference; fileEncoding = 4; lastKnownFileType = sourcecode.swift; path = DateExtension.swift; sourceTree = "<group>"; };
		5C211F591EAE88EA00922379 /* UITextFieldExtension.swift */ = {isa = PBXFileReference; fileEncoding = 4; lastKnownFileType = sourcecode.swift; path = UITextFieldExtension.swift; sourceTree = "<group>"; };
		5C211F5B1EAE89AE00922379 /* Global.swift */ = {isa = PBXFileReference; fileEncoding = 4; lastKnownFileType = sourcecode.swift; path = Global.swift; sourceTree = "<group>"; };
		5C256D7A1EA7E08A003E1276 /* CheckboxView.swift */ = {isa = PBXFileReference; fileEncoding = 4; lastKnownFileType = sourcecode.swift; path = CheckboxView.swift; sourceTree = "<group>"; };
		5C8E294A1E80747800206EF0 /* GradientView.swift */ = {isa = PBXFileReference; fileEncoding = 4; lastKnownFileType = sourcecode.swift; path = GradientView.swift; sourceTree = "<group>"; };
		5C8E294C1E80748200206EF0 /* AlertView.swift */ = {isa = PBXFileReference; fileEncoding = 4; lastKnownFileType = sourcecode.swift; path = AlertView.swift; sourceTree = "<group>"; };
		5C8E294E1E80777D00206EF0 /* FuturaPTBold.otf */ = {isa = PBXFileReference; lastKnownFileType = file; path = FuturaPTBold.otf; sourceTree = "<group>"; };
		5C8E294F1E80777D00206EF0 /* FuturaPTBoldOblique.otf */ = {isa = PBXFileReference; lastKnownFileType = file; path = FuturaPTBoldOblique.otf; sourceTree = "<group>"; };
		5C8E29501E80777D00206EF0 /* FuturaPTBook.otf */ = {isa = PBXFileReference; lastKnownFileType = file; path = FuturaPTBook.otf; sourceTree = "<group>"; };
		5C8E29511E80777D00206EF0 /* FuturaPTBookOblique.otf */ = {isa = PBXFileReference; lastKnownFileType = file; path = FuturaPTBookOblique.otf; sourceTree = "<group>"; };
		5C8E29521E80777D00206EF0 /* FuturaPTCondBold.otf */ = {isa = PBXFileReference; lastKnownFileType = file; path = FuturaPTCondBold.otf; sourceTree = "<group>"; };
		5C8E29531E80777D00206EF0 /* FuturaPTCondBoldOblique.otf */ = {isa = PBXFileReference; lastKnownFileType = file; path = FuturaPTCondBoldOblique.otf; sourceTree = "<group>"; };
		5C8E29541E80777D00206EF0 /* FuturaPTCondBook.otf */ = {isa = PBXFileReference; lastKnownFileType = file; path = FuturaPTCondBook.otf; sourceTree = "<group>"; };
		5C8E29551E80777D00206EF0 /* FuturaPTCondBookOblique.otf */ = {isa = PBXFileReference; lastKnownFileType = file; path = FuturaPTCondBookOblique.otf; sourceTree = "<group>"; };
		5C8E29561E80777D00206EF0 /* FuturaPTCondExtraBold.otf */ = {isa = PBXFileReference; lastKnownFileType = file; path = FuturaPTCondExtraBold.otf; sourceTree = "<group>"; };
		5C8E29571E80777D00206EF0 /* FuturaPTCondExtraBoldOblique.otf */ = {isa = PBXFileReference; lastKnownFileType = file; path = FuturaPTCondExtraBoldOblique.otf; sourceTree = "<group>"; };
		5C8E29581E80777D00206EF0 /* FuturaPTCondMedium.otf */ = {isa = PBXFileReference; lastKnownFileType = file; path = FuturaPTCondMedium.otf; sourceTree = "<group>"; };
		5C8E29591E80777D00206EF0 /* FuturaPTCondMediumOblique.otf */ = {isa = PBXFileReference; lastKnownFileType = file; path = FuturaPTCondMediumOblique.otf; sourceTree = "<group>"; };
		5C8E295A1E80777D00206EF0 /* FuturaPTDemi.otf */ = {isa = PBXFileReference; lastKnownFileType = file; path = FuturaPTDemi.otf; sourceTree = "<group>"; };
		5C8E295B1E80777D00206EF0 /* FuturaPTDemiOblique.otf */ = {isa = PBXFileReference; lastKnownFileType = file; path = FuturaPTDemiOblique.otf; sourceTree = "<group>"; };
		5C8E295C1E80777D00206EF0 /* FuturaPTExtraBold.otf */ = {isa = PBXFileReference; lastKnownFileType = file; path = FuturaPTExtraBold.otf; sourceTree = "<group>"; };
		5C8E295D1E80777D00206EF0 /* FuturaPTExtraBoldOblique.otf */ = {isa = PBXFileReference; lastKnownFileType = file; path = FuturaPTExtraBoldOblique.otf; sourceTree = "<group>"; };
		5C8E295E1E80777D00206EF0 /* FuturaPTHeavy.otf */ = {isa = PBXFileReference; lastKnownFileType = file; path = FuturaPTHeavy.otf; sourceTree = "<group>"; };
		5C8E295F1E80777D00206EF0 /* FuturaPTHeavyOblique.otf */ = {isa = PBXFileReference; lastKnownFileType = file; path = FuturaPTHeavyOblique.otf; sourceTree = "<group>"; };
		5C8E29601E80777D00206EF0 /* FuturaPTLight.otf */ = {isa = PBXFileReference; lastKnownFileType = file; path = FuturaPTLight.otf; sourceTree = "<group>"; };
		5C8E29611E80777D00206EF0 /* FuturaPTLightOblique.otf */ = {isa = PBXFileReference; lastKnownFileType = file; path = FuturaPTLightOblique.otf; sourceTree = "<group>"; };
		5C8E29621E80777D00206EF0 /* FuturaPTMedium.otf */ = {isa = PBXFileReference; lastKnownFileType = file; path = FuturaPTMedium.otf; sourceTree = "<group>"; };
		5C8E29631E80777D00206EF0 /* FuturaPTMediumOblique.otf */ = {isa = PBXFileReference; lastKnownFileType = file; path = FuturaPTMediumOblique.otf; sourceTree = "<group>"; };
		5C9754541E9162430073D282 /* TextField.swift */ = {isa = PBXFileReference; fileEncoding = 4; lastKnownFileType = sourcecode.swift; path = TextField.swift; sourceTree = "<group>"; };
		5C9754551E9162430073D282 /* UIConstants.swift */ = {isa = PBXFileReference; fileEncoding = 4; lastKnownFileType = sourcecode.swift; path = UIConstants.swift; sourceTree = "<group>"; };
		5C9754581E9162530073D282 /* AirticketSearchCityResultList.swift */ = {isa = PBXFileReference; fileEncoding = 4; lastKnownFileType = sourcecode.swift; path = AirticketSearchCityResultList.swift; sourceTree = "<group>"; };
		5C9754591E9162530073D282 /* SearchCityViewDelegate.swift */ = {isa = PBXFileReference; fileEncoding = 4; lastKnownFileType = sourcecode.swift; path = SearchCityViewDelegate.swift; sourceTree = "<group>"; };
		5C97545C1E91646D0073D282 /* AirticketSearchView.swift */ = {isa = PBXFileReference; fileEncoding = 4; lastKnownFileType = sourcecode.swift; path = AirticketSearchView.swift; sourceTree = "<group>"; };
		5CD711551E97EEC500969516 /* AlertViewController.swift */ = {isa = PBXFileReference; fileEncoding = 4; lastKnownFileType = sourcecode.swift; path = AlertViewController.swift; sourceTree = "<group>"; };
		5CEC35241E957BD7004B69DA /* Calendar.storyboard */ = {isa = PBXFileReference; fileEncoding = 4; lastKnownFileType = file.storyboard; path = Calendar.storyboard; sourceTree = "<group>"; };
		5CEC35261E957BD7004B69DA /* FSCalendar+Deprecated.m */ = {isa = PBXFileReference; fileEncoding = 4; lastKnownFileType = sourcecode.c.objc; path = "FSCalendar+Deprecated.m"; sourceTree = "<group>"; };
		5CEC35271E957BD7004B69DA /* FSCalendar.h */ = {isa = PBXFileReference; fileEncoding = 4; lastKnownFileType = sourcecode.c.h; path = FSCalendar.h; sourceTree = "<group>"; };
		5CEC35281E957BD7004B69DA /* FSCalendar.m */ = {isa = PBXFileReference; fileEncoding = 4; lastKnownFileType = sourcecode.c.objc; path = FSCalendar.m; sourceTree = "<group>"; };
		5CEC35291E957BD7004B69DA /* FSCalendarAppearance.h */ = {isa = PBXFileReference; fileEncoding = 4; lastKnownFileType = sourcecode.c.h; path = FSCalendarAppearance.h; sourceTree = "<group>"; };
		5CEC352A1E957BD7004B69DA /* FSCalendarAppearance.m */ = {isa = PBXFileReference; fileEncoding = 4; lastKnownFileType = sourcecode.c.objc; path = FSCalendarAppearance.m; sourceTree = "<group>"; };
		5CEC352B1E957BD7004B69DA /* FSCalendarCalculator.h */ = {isa = PBXFileReference; fileEncoding = 4; lastKnownFileType = sourcecode.c.h; path = FSCalendarCalculator.h; sourceTree = "<group>"; };
		5CEC352C1E957BD7004B69DA /* FSCalendarCalculator.m */ = {isa = PBXFileReference; fileEncoding = 4; lastKnownFileType = sourcecode.c.objc; path = FSCalendarCalculator.m; sourceTree = "<group>"; };
		5CEC352D1E957BD7004B69DA /* FSCalendarCell.h */ = {isa = PBXFileReference; fileEncoding = 4; lastKnownFileType = sourcecode.c.h; path = FSCalendarCell.h; sourceTree = "<group>"; };
		5CEC352E1E957BD7004B69DA /* FSCalendarCell.m */ = {isa = PBXFileReference; fileEncoding = 4; lastKnownFileType = sourcecode.c.objc; path = FSCalendarCell.m; sourceTree = "<group>"; };
		5CEC352F1E957BD7004B69DA /* FSCalendarCollectionView.h */ = {isa = PBXFileReference; fileEncoding = 4; lastKnownFileType = sourcecode.c.h; path = FSCalendarCollectionView.h; sourceTree = "<group>"; };
		5CEC35301E957BD7004B69DA /* FSCalendarCollectionView.m */ = {isa = PBXFileReference; fileEncoding = 4; lastKnownFileType = sourcecode.c.objc; path = FSCalendarCollectionView.m; sourceTree = "<group>"; };
		5CEC35311E957BD7004B69DA /* FSCalendarCollectionViewLayout.h */ = {isa = PBXFileReference; fileEncoding = 4; lastKnownFileType = sourcecode.c.h; path = FSCalendarCollectionViewLayout.h; sourceTree = "<group>"; };
		5CEC35321E957BD7004B69DA /* FSCalendarCollectionViewLayout.m */ = {isa = PBXFileReference; fileEncoding = 4; lastKnownFileType = sourcecode.c.objc; path = FSCalendarCollectionViewLayout.m; sourceTree = "<group>"; };
		5CEC35331E957BD7004B69DA /* FSCalendarConstants.h */ = {isa = PBXFileReference; fileEncoding = 4; lastKnownFileType = sourcecode.c.h; path = FSCalendarConstants.h; sourceTree = "<group>"; };
		5CEC35341E957BD7004B69DA /* FSCalendarConstants.m */ = {isa = PBXFileReference; fileEncoding = 4; lastKnownFileType = sourcecode.c.objc; path = FSCalendarConstants.m; sourceTree = "<group>"; };
		5CEC35351E957BD7004B69DA /* FSCalendarDelegationFactory.h */ = {isa = PBXFileReference; fileEncoding = 4; lastKnownFileType = sourcecode.c.h; path = FSCalendarDelegationFactory.h; sourceTree = "<group>"; };
		5CEC35361E957BD7004B69DA /* FSCalendarDelegationFactory.m */ = {isa = PBXFileReference; fileEncoding = 4; lastKnownFileType = sourcecode.c.objc; path = FSCalendarDelegationFactory.m; sourceTree = "<group>"; };
		5CEC35371E957BD7004B69DA /* FSCalendarDelegationProxy.h */ = {isa = PBXFileReference; fileEncoding = 4; lastKnownFileType = sourcecode.c.h; path = FSCalendarDelegationProxy.h; sourceTree = "<group>"; };
		5CEC35381E957BD7004B69DA /* FSCalendarDelegationProxy.m */ = {isa = PBXFileReference; fileEncoding = 4; lastKnownFileType = sourcecode.c.objc; path = FSCalendarDelegationProxy.m; sourceTree = "<group>"; };
		5CEC35391E957BD7004B69DA /* FSCalendarDynamicHeader.h */ = {isa = PBXFileReference; fileEncoding = 4; lastKnownFileType = sourcecode.c.h; path = FSCalendarDynamicHeader.h; sourceTree = "<group>"; };
		5CEC353A1E957BD7004B69DA /* FSCalendarExtensions.h */ = {isa = PBXFileReference; fileEncoding = 4; lastKnownFileType = sourcecode.c.h; path = FSCalendarExtensions.h; sourceTree = "<group>"; };
		5CEC353B1E957BD7004B69DA /* FSCalendarExtensions.m */ = {isa = PBXFileReference; fileEncoding = 4; lastKnownFileType = sourcecode.c.objc; path = FSCalendarExtensions.m; sourceTree = "<group>"; };
		5CEC353C1E957BD7004B69DA /* FSCalendarHeaderView.h */ = {isa = PBXFileReference; fileEncoding = 4; lastKnownFileType = sourcecode.c.h; path = FSCalendarHeaderView.h; sourceTree = "<group>"; };
		5CEC353D1E957BD7004B69DA /* FSCalendarHeaderView.m */ = {isa = PBXFileReference; fileEncoding = 4; lastKnownFileType = sourcecode.c.objc; path = FSCalendarHeaderView.m; sourceTree = "<group>"; };
		5CEC353E1E957BD7004B69DA /* FSCalendarScopeHandle.h */ = {isa = PBXFileReference; fileEncoding = 4; lastKnownFileType = sourcecode.c.h; path = FSCalendarScopeHandle.h; sourceTree = "<group>"; };
		5CEC353F1E957BD7004B69DA /* FSCalendarScopeHandle.m */ = {isa = PBXFileReference; fileEncoding = 4; lastKnownFileType = sourcecode.c.objc; path = FSCalendarScopeHandle.m; sourceTree = "<group>"; };
		5CEC35401E957BD7004B69DA /* FSCalendarStickyHeader.h */ = {isa = PBXFileReference; fileEncoding = 4; lastKnownFileType = sourcecode.c.h; path = FSCalendarStickyHeader.h; sourceTree = "<group>"; };
		5CEC35411E957BD7004B69DA /* FSCalendarStickyHeader.m */ = {isa = PBXFileReference; fileEncoding = 4; lastKnownFileType = sourcecode.c.objc; path = FSCalendarStickyHeader.m; sourceTree = "<group>"; };
		5CEC35421E957BD7004B69DA /* FSCalendarTransitionCoordinator.h */ = {isa = PBXFileReference; fileEncoding = 4; lastKnownFileType = sourcecode.c.h; path = FSCalendarTransitionCoordinator.h; sourceTree = "<group>"; };
		5CEC35431E957BD7004B69DA /* FSCalendarTransitionCoordinator.m */ = {isa = PBXFileReference; fileEncoding = 4; lastKnownFileType = sourcecode.c.objc; path = FSCalendarTransitionCoordinator.m; sourceTree = "<group>"; };
		5CEC35441E957BD7004B69DA /* FSCalendarWeekdayView.h */ = {isa = PBXFileReference; fileEncoding = 4; lastKnownFileType = sourcecode.c.h; path = FSCalendarWeekdayView.h; sourceTree = "<group>"; };
		5CEC35451E957BD7004B69DA /* FSCalendarWeekdayView.m */ = {isa = PBXFileReference; fileEncoding = 4; lastKnownFileType = sourcecode.c.objc; path = FSCalendarWeekdayView.m; sourceTree = "<group>"; };
		5CEC35461E957BD7004B69DA /* Info.plist */ = {isa = PBXFileReference; fileEncoding = 4; lastKnownFileType = text.plist.xml; path = Info.plist; sourceTree = "<group>"; };
		5CEC35481E957BD7004B69DA /* GTCalendarCell.swift */ = {isa = PBXFileReference; fileEncoding = 4; lastKnownFileType = sourcecode.swift; path = GTCalendarCell.swift; sourceTree = "<group>"; };
		5CEC354A1E957BD7004B69DA /* GTCalendarDelegate.swift */ = {isa = PBXFileReference; fileEncoding = 4; lastKnownFileType = sourcecode.swift; path = GTCalendarDelegate.swift; sourceTree = "<group>"; };
		5CEC354B1E957BD7004B69DA /* GTCalendarView.swift */ = {isa = PBXFileReference; fileEncoding = 4; lastKnownFileType = sourcecode.swift; path = GTCalendarView.swift; sourceTree = "<group>"; };
		5CEC354D1E957BD7004B69DA /* OneDateCalendarController.swift */ = {isa = PBXFileReference; fileEncoding = 4; lastKnownFileType = sourcecode.swift; path = OneDateCalendarController.swift; sourceTree = "<group>"; };
		5CEC354E1E957BD7004B69DA /* RangeOfDatesCalendarController.swift */ = {isa = PBXFileReference; fileEncoding = 4; lastKnownFileType = sourcecode.swift; path = RangeOfDatesCalendarController.swift; sourceTree = "<group>"; };
		5CEC356E1E957EEE004B69DA /* Gtickets-Objc-Bridge-Header.h */ = {isa = PBXFileReference; fileEncoding = 4; lastKnownFileType = sourcecode.c.h; path = "Gtickets-Objc-Bridge-Header.h"; sourceTree = SOURCE_ROOT; };
		5CEC356F1E957F20004B69DA /* DIYCalendarCell.swift */ = {isa = PBXFileReference; fileEncoding = 4; lastKnownFileType = sourcecode.swift; path = DIYCalendarCell.swift; sourceTree = "<group>"; };
		CF7329BF0525D8F725DF307D /* Pods-GTickets.debug.xcconfig */ = {isa = PBXFileReference; includeInIndex = 1; lastKnownFileType = text.xcconfig; name = "Pods-GTickets.debug.xcconfig"; path = "Pods/Target Support Files/Pods-GTickets/Pods-GTickets.debug.xcconfig"; sourceTree = "<group>"; };
		D3FD796CA1B0F6240F274551 /* Pods_GTickets.framework */ = {isa = PBXFileReference; explicitFileType = wrapper.framework; includeInIndex = 0; path = Pods_GTickets.framework; sourceTree = BUILT_PRODUCTS_DIR; };
		E006CA98414570E04008AB26 /* Pods-GTickets.release.xcconfig */ = {isa = PBXFileReference; includeInIndex = 1; lastKnownFileType = text.xcconfig; name = "Pods-GTickets.release.xcconfig"; path = "Pods/Target Support Files/Pods-GTickets/Pods-GTickets.release.xcconfig"; sourceTree = "<group>"; };
		F904A52D1E7DC34200911C67 /* MasterViewController.swift */ = {isa = PBXFileReference; fileEncoding = 4; lastKnownFileType = sourcecode.swift; path = MasterViewController.swift; sourceTree = "<group>"; };
		F904A52F1E7DDE8700911C67 /* AirticketSearchViewController.swift */ = {isa = PBXFileReference; fileEncoding = 4; lastKnownFileType = sourcecode.swift; path = AirticketSearchViewController.swift; sourceTree = "<group>"; };
		F904A5311E7DDEE400911C67 /* OrderViewController.swift */ = {isa = PBXFileReference; fileEncoding = 4; lastKnownFileType = sourcecode.swift; path = OrderViewController.swift; sourceTree = "<group>"; };
		F904A5331E7DF74D00911C67 /* ProfileViewController.swift */ = {isa = PBXFileReference; fileEncoding = 4; lastKnownFileType = sourcecode.swift; path = ProfileViewController.swift; sourceTree = "<group>"; };
		F904B7BC1E807A6E00F6297E /* MasterView.swift */ = {isa = PBXFileReference; fileEncoding = 4; lastKnownFileType = sourcecode.swift; path = MasterView.swift; sourceTree = "<group>"; };
		F907127C1E9597BC00FF789F /* AirticketSearchData.swift */ = {isa = PBXFileReference; fileEncoding = 4; lastKnownFileType = sourcecode.swift; path = AirticketSearchData.swift; sourceTree = "<group>"; };
		F90F00E41E94411E00B796E3 /* UIViewExtension.swift */ = {isa = PBXFileReference; fileEncoding = 4; lastKnownFileType = sourcecode.swift; path = UIViewExtension.swift; sourceTree = "<group>"; };
		F9189D2C1E7BEEE100C6F7D5 /* LeftMenuCell.swift */ = {isa = PBXFileReference; fileEncoding = 4; lastKnownFileType = sourcecode.swift; path = LeftMenuCell.swift; sourceTree = "<group>"; };
		F9189D2D1E7BEEE100C6F7D5 /* LeftMenuCell.xib */ = {isa = PBXFileReference; fileEncoding = 4; lastKnownFileType = file.xib; path = LeftMenuCell.xib; sourceTree = "<group>"; };
		F9189D2E1E7BEEE100C6F7D5 /* LeftMenuView.swift */ = {isa = PBXFileReference; fileEncoding = 4; lastKnownFileType = sourcecode.swift; path = LeftMenuView.swift; sourceTree = "<group>"; };
		F9189D341E7BEF0300C6F7D5 /* LeftMenuViewController.swift */ = {isa = PBXFileReference; fileEncoding = 4; indentWidth = 2; lastKnownFileType = sourcecode.swift; path = LeftMenuViewController.swift; sourceTree = "<group>"; tabWidth = 2; };
		F9189D351E7BEF0300C6F7D5 /* MainViewController.swift */ = {isa = PBXFileReference; fileEncoding = 4; lastKnownFileType = sourcecode.swift; path = MainViewController.swift; sourceTree = "<group>"; };
		F919BDAE1E97CF5700FFB678 /* AirticketSearchPickerDelegate.swift */ = {isa = PBXFileReference; fileEncoding = 4; lastKnownFileType = sourcecode.swift; path = AirticketSearchPickerDelegate.swift; sourceTree = "<group>"; };
		F93A58471E91802A00148AB8 /* UIButtonExtension.swift */ = {isa = PBXFileReference; fileEncoding = 4; lastKnownFileType = sourcecode.swift; path = UIButtonExtension.swift; sourceTree = "<group>"; };
		F93A58491E91815500148AB8 /* CGColorExtension.swift */ = {isa = PBXFileReference; fileEncoding = 4; lastKnownFileType = sourcecode.swift; path = CGColorExtension.swift; sourceTree = "<group>"; };
		F94A6CED1E88531D00F84525 /* AirticketSearchViewController.storyboard */ = {isa = PBXFileReference; fileEncoding = 4; lastKnownFileType = file.storyboard; path = AirticketSearchViewController.storyboard; sourceTree = "<group>"; };
		F94A7AE51E768D2B004ED5FD /* GTickets.app */ = {isa = PBXFileReference; explicitFileType = wrapper.application; includeInIndex = 0; path = GTickets.app; sourceTree = BUILT_PRODUCTS_DIR; };
		F94A7AE81E768D2B004ED5FD /* AppDelegate.swift */ = {isa = PBXFileReference; lastKnownFileType = sourcecode.swift; path = AppDelegate.swift; sourceTree = "<group>"; };
		F94A7AEF1E768D2B004ED5FD /* Assets.xcassets */ = {isa = PBXFileReference; lastKnownFileType = folder.assetcatalog; path = Assets.xcassets; sourceTree = "<group>"; };
		F94A7AF41E768D2B004ED5FD /* Info.plist */ = {isa = PBXFileReference; lastKnownFileType = text.plist.xml; path = Info.plist; sourceTree = "<group>"; };
		F9508CD11E7F28FC0064D071 /* BuyingTipsViewController.swift */ = {isa = PBXFileReference; fileEncoding = 4; lastKnownFileType = sourcecode.swift; path = BuyingTipsViewController.swift; sourceTree = "<group>"; };
		F9508CD31E7F293F0064D071 /* ContactsViewController.swift */ = {isa = PBXFileReference; fileEncoding = 4; lastKnownFileType = sourcecode.swift; path = ContactsViewController.swift; sourceTree = "<group>"; };
		F9508CD51E7F29650064D071 /* FeedbackViewController.swift */ = {isa = PBXFileReference; fileEncoding = 4; lastKnownFileType = sourcecode.swift; path = FeedbackViewController.swift; sourceTree = "<group>"; };
		F9508CD71E7F29850064D071 /* ShareViewController.swift */ = {isa = PBXFileReference; fileEncoding = 4; lastKnownFileType = sourcecode.swift; path = ShareViewController.swift; sourceTree = "<group>"; };
		F9508CD91E7F29C60064D071 /* SettingsViewController.swift */ = {isa = PBXFileReference; fileEncoding = 4; lastKnownFileType = sourcecode.swift; path = SettingsViewController.swift; sourceTree = "<group>"; };
		F957FBC11E8CECE6006B6825 /* ProfileViewController.storyboard */ = {isa = PBXFileReference; fileEncoding = 4; lastKnownFileType = file.storyboard; path = ProfileViewController.storyboard; sourceTree = "<group>"; };
		F957FBC31E8CED13006B6825 /* OrderViewController.storyboard */ = {isa = PBXFileReference; fileEncoding = 4; lastKnownFileType = file.storyboard; path = OrderViewController.storyboard; sourceTree = "<group>"; };
		F957FBC51E8CEDC6006B6825 /* BuyingTipsViewController.storyboard */ = {isa = PBXFileReference; fileEncoding = 4; lastKnownFileType = file.storyboard; path = BuyingTipsViewController.storyboard; sourceTree = "<group>"; };
		F957FBC71E8CEDD9006B6825 /* ContactsViewController.storyboard */ = {isa = PBXFileReference; fileEncoding = 4; lastKnownFileType = file.storyboard; path = ContactsViewController.storyboard; sourceTree = "<group>"; };
		F957FBC91E8CEDE6006B6825 /* FeedbackViewController.storyboard */ = {isa = PBXFileReference; fileEncoding = 4; lastKnownFileType = file.storyboard; path = FeedbackViewController.storyboard; sourceTree = "<group>"; };
		F957FBCB1E8CEE23006B6825 /* ShareViewController.storyboard */ = {isa = PBXFileReference; fileEncoding = 4; lastKnownFileType = file.storyboard; path = ShareViewController.storyboard; sourceTree = "<group>"; };
		F957FBCE1E8CEE55006B6825 /* SettingsViewController.storyboard */ = {isa = PBXFileReference; fileEncoding = 4; lastKnownFileType = file.storyboard; path = SettingsViewController.storyboard; sourceTree = "<group>"; };
		F957FBD01E8CF0FF006B6825 /* LeftMenuViewController.storyboard */ = {isa = PBXFileReference; fileEncoding = 4; lastKnownFileType = file.storyboard; path = LeftMenuViewController.storyboard; sourceTree = "<group>"; };
		F957FBD31E8CF26F006B6825 /* UIViewControllerExtension.swift */ = {isa = PBXFileReference; fileEncoding = 4; lastKnownFileType = sourcecode.swift; path = UIViewControllerExtension.swift; sourceTree = "<group>"; };
		F957FBD91E8CF2CC006B6825 /* Constants.swift */ = {isa = PBXFileReference; fileEncoding = 4; lastKnownFileType = sourcecode.swift; path = Constants.swift; sourceTree = "<group>"; };
		F957FBDB1E8CF3BE006B6825 /* RequestManager.swift */ = {isa = PBXFileReference; fileEncoding = 4; lastKnownFileType = sourcecode.swift; path = RequestManager.swift; sourceTree = "<group>"; };
		F957FBDD1E8CF46D006B6825 /* MasterNavigationController.swift */ = {isa = PBXFileReference; fileEncoding = 4; lastKnownFileType = sourcecode.swift; path = MasterNavigationController.swift; sourceTree = "<group>"; };
		F957FBDF1E8CF4BC006B6825 /* MasterNavigationController.storyboard */ = {isa = PBXFileReference; fileEncoding = 4; lastKnownFileType = file.storyboard; path = MasterNavigationController.storyboard; sourceTree = "<group>"; };
		F9A3BA781E8CFFE000A95CC6 /* Main.storyboard */ = {isa = PBXFileReference; fileEncoding = 4; lastKnownFileType = file.storyboard; path = Main.storyboard; sourceTree = "<group>"; };
		F9B619461E8ABBF7000D3157 /* SearchCityData.swift */ = {isa = PBXFileReference; fileEncoding = 4; lastKnownFileType = sourcecode.swift; path = SearchCityData.swift; sourceTree = "<group>"; };
		F9B619481E8ABCCB000D3157 /* SearchCityViewCell.swift */ = {isa = PBXFileReference; fileEncoding = 4; lastKnownFileType = sourcecode.swift; path = SearchCityViewCell.swift; sourceTree = "<group>"; };
/* End PBXFileReference section */

/* Begin PBXFrameworksBuildPhase section */
		F94A7AE21E768D2B004ED5FD /* Frameworks */ = {
			isa = PBXFrameworksBuildPhase;
			buildActionMask = 2147483647;
			files = (
				99BF73E424B1BADBA5B397B6 /* Pods_GTickets.framework in Frameworks */,
			);
			runOnlyForDeploymentPostprocessing = 0;
		};
/* End PBXFrameworksBuildPhase section */

/* Begin PBXGroup section */
		197A16BB94E63FD6BFC9784E /* Frameworks */ = {
			isa = PBXGroup;
			children = (
				D3FD796CA1B0F6240F274551 /* Pods_GTickets.framework */,
			);
			name = Frameworks;
			sourceTree = "<group>";
		};
		5C17971E1E87FD5600751910 /* Cells */ = {
			isa = PBXGroup;
			children = (
				5C17971F1E87FD7800751910 /* SearchViewCell.swift */,
			);
			path = Cells;
			sourceTree = "<group>";
		};
		5C9754531E9162430073D282 /* Extention */ = {
			isa = PBXGroup;
			children = (
				5C9754541E9162430073D282 /* TextField.swift */,
			);
			path = Extention;
			sourceTree = "<group>";
		};
		5CEC35221E957BD7004B69DA /* Calendar */ = {
			isa = PBXGroup;
			children = (
				5CEC356F1E957F20004B69DA /* DIYCalendarCell.swift */,
				5CEC35241E957BD7004B69DA /* Calendar.storyboard */,
				5CEC35251E957BD7004B69DA /* FSCalendar */,
				5CEC35481E957BD7004B69DA /* GTCalendarCell.swift */,
				5CEC354A1E957BD7004B69DA /* GTCalendarDelegate.swift */,
				5CEC354B1E957BD7004B69DA /* GTCalendarView.swift */,
				5CEC354D1E957BD7004B69DA /* OneDateCalendarController.swift */,
				5CEC354E1E957BD7004B69DA /* RangeOfDatesCalendarController.swift */,
			);
			path = Calendar;
			sourceTree = "<group>";
		};
		5CEC35251E957BD7004B69DA /* FSCalendar */ = {
			isa = PBXGroup;
			children = (
				5CEC35261E957BD7004B69DA /* FSCalendar+Deprecated.m */,
				5CEC35271E957BD7004B69DA /* FSCalendar.h */,
				5CEC35281E957BD7004B69DA /* FSCalendar.m */,
				5CEC35291E957BD7004B69DA /* FSCalendarAppearance.h */,
				5CEC352A1E957BD7004B69DA /* FSCalendarAppearance.m */,
				5CEC352B1E957BD7004B69DA /* FSCalendarCalculator.h */,
				5CEC352C1E957BD7004B69DA /* FSCalendarCalculator.m */,
				5CEC352D1E957BD7004B69DA /* FSCalendarCell.h */,
				5CEC352E1E957BD7004B69DA /* FSCalendarCell.m */,
				5CEC352F1E957BD7004B69DA /* FSCalendarCollectionView.h */,
				5CEC35301E957BD7004B69DA /* FSCalendarCollectionView.m */,
				5CEC35311E957BD7004B69DA /* FSCalendarCollectionViewLayout.h */,
				5CEC35321E957BD7004B69DA /* FSCalendarCollectionViewLayout.m */,
				5CEC35331E957BD7004B69DA /* FSCalendarConstants.h */,
				5CEC35341E957BD7004B69DA /* FSCalendarConstants.m */,
				5CEC35351E957BD7004B69DA /* FSCalendarDelegationFactory.h */,
				5CEC35361E957BD7004B69DA /* FSCalendarDelegationFactory.m */,
				5CEC35371E957BD7004B69DA /* FSCalendarDelegationProxy.h */,
				5CEC35381E957BD7004B69DA /* FSCalendarDelegationProxy.m */,
				5CEC35391E957BD7004B69DA /* FSCalendarDynamicHeader.h */,
				5CEC353A1E957BD7004B69DA /* FSCalendarExtensions.h */,
				5CEC353B1E957BD7004B69DA /* FSCalendarExtensions.m */,
				5CEC353C1E957BD7004B69DA /* FSCalendarHeaderView.h */,
				5CEC353D1E957BD7004B69DA /* FSCalendarHeaderView.m */,
				5CEC353E1E957BD7004B69DA /* FSCalendarScopeHandle.h */,
				5CEC353F1E957BD7004B69DA /* FSCalendarScopeHandle.m */,
				5CEC35401E957BD7004B69DA /* FSCalendarStickyHeader.h */,
				5CEC35411E957BD7004B69DA /* FSCalendarStickyHeader.m */,
				5CEC35421E957BD7004B69DA /* FSCalendarTransitionCoordinator.h */,
				5CEC35431E957BD7004B69DA /* FSCalendarTransitionCoordinator.m */,
				5CEC35441E957BD7004B69DA /* FSCalendarWeekdayView.h */,
				5CEC35451E957BD7004B69DA /* FSCalendarWeekdayView.m */,
				5CEC35461E957BD7004B69DA /* Info.plist */,
			);
			path = FSCalendar;
			sourceTree = "<group>";
		};
		61F472C4C6475E9C56237A60 /* Pods */ = {
			isa = PBXGroup;
			children = (
				CF7329BF0525D8F725DF307D /* Pods-GTickets.debug.xcconfig */,
				E006CA98414570E04008AB26 /* Pods-GTickets.release.xcconfig */,
			);
			name = Pods;
			sourceTree = "<group>";
		};
		F94A7ADC1E768D2A004ED5FD = {
			isa = PBXGroup;
			children = (
				F94A7AE71E768D2B004ED5FD /* GTickets */,
				F94A7AE61E768D2B004ED5FD /* Products */,
				61F472C4C6475E9C56237A60 /* Pods */,
				197A16BB94E63FD6BFC9784E /* Frameworks */,
			);
			indentWidth = 2;
			sourceTree = "<group>";
			tabWidth = 2;
		};
		F94A7AE61E768D2B004ED5FD /* Products */ = {
			isa = PBXGroup;
			children = (
				F94A7AE51E768D2B004ED5FD /* GTickets.app */,
			);
			name = Products;
			sourceTree = "<group>";
		};
		F94A7AE71E768D2B004ED5FD /* GTickets */ = {
			isa = PBXGroup;
			children = (
				5CEC356E1E957EEE004B69DA /* Gtickets-Objc-Bridge-Header.h */,
				5CEC35221E957BD7004B69DA /* Calendar */,
				F957FBD21E8CF26F006B6825 /* Extensions */,
				F957FBD41E8CF26F006B6825 /* Utils */,
				F94A7B011E76932A004ED5FD /* Fonts */,
				F94A7AFD1E769274004ED5FD /* Helpers */,
				F94A7AFA1E769197004ED5FD /* Controller */,
				F94A7AFB1E769197004ED5FD /* Model */,
				F94A7AFC1E769197004ED5FD /* View */,
				F94A7AE81E768D2B004ED5FD /* AppDelegate.swift */,
				F94A7AEF1E768D2B004ED5FD /* Assets.xcassets */,
				F94A7AF41E768D2B004ED5FD /* Info.plist */,
			);
			path = GTickets;
			sourceTree = "<group>";
		};
		F94A7AFA1E769197004ED5FD /* Controller */ = {
			isa = PBXGroup;
			children = (
				F9189D351E7BEF0300C6F7D5 /* MainViewController.swift */,
				F9189D341E7BEF0300C6F7D5 /* LeftMenuViewController.swift */,
				F957FBDD1E8CF46D006B6825 /* MasterNavigationController.swift */,
				F904A52D1E7DC34200911C67 /* MasterViewController.swift */,
				F904A5331E7DF74D00911C67 /* ProfileViewController.swift */,
				F904A5311E7DDEE400911C67 /* OrderViewController.swift */,
				F9508CD11E7F28FC0064D071 /* BuyingTipsViewController.swift */,
				F9508CD31E7F293F0064D071 /* ContactsViewController.swift */,
				F9508CD51E7F29650064D071 /* FeedbackViewController.swift */,
				F9508CD71E7F29850064D071 /* ShareViewController.swift */,
				F9508CD91E7F29C60064D071 /* SettingsViewController.swift */,
				5C1797211E87FE7B00751910 /* SearchViewController.swift */,
				F904A52F1E7DDE8700911C67 /* AirticketSearchViewController.swift */,
				5C9754581E9162530073D282 /* AirticketSearchCityResultList.swift */,
				5C9754591E9162530073D282 /* SearchCityViewDelegate.swift */,
				F919BDAE1E97CF5700FFB678 /* AirticketSearchPickerDelegate.swift */,
				5CD711551E97EEC500969516 /* AlertViewController.swift */,
			);
			path = Controller;
			sourceTree = "<group>";
		};
		F94A7AFB1E769197004ED5FD /* Model */ = {
			isa = PBXGroup;
			children = (
				5C1797231E8800BA00751910 /* SearchData.swift */,
				F9B619461E8ABBF7000D3157 /* SearchCityData.swift */,
				F907127C1E9597BC00FF789F /* AirticketSearchData.swift */,
			);
			path = Model;
			sourceTree = "<group>";
		};
		F94A7AFC1E769197004ED5FD /* View */ = {
			isa = PBXGroup;
			children = (
				5C97545C1E91646D0073D282 /* AirticketSearchView.swift */,
				F9A3BA781E8CFFE000A95CC6 /* Main.storyboard */,
				5C17971E1E87FD5600751910 /* Cells */,
				5C8E294C1E80748200206EF0 /* AlertView.swift */,
				5C17971C1E87FBCF00751910 /* Search.storyboard */,
				5C1797271E8C0C7E00751910 /* AlertViewController.storyboard */,
				F904B7BC1E807A6E00F6297E /* MasterView.swift */,
				F9189D2E1E7BEEE100C6F7D5 /* LeftMenuView.swift */,
				F9189D2D1E7BEEE100C6F7D5 /* LeftMenuCell.xib */,
				F9189D2C1E7BEEE100C6F7D5 /* LeftMenuCell.swift */,
				F9B619481E8ABCCB000D3157 /* SearchCityViewCell.swift */,
				F957FBDF1E8CF4BC006B6825 /* MasterNavigationController.storyboard */,
				F94A6CED1E88531D00F84525 /* AirticketSearchViewController.storyboard */,
				F957FBC11E8CECE6006B6825 /* ProfileViewController.storyboard */,
				F957FBC31E8CED13006B6825 /* OrderViewController.storyboard */,
				F957FBC51E8CEDC6006B6825 /* BuyingTipsViewController.storyboard */,
				F957FBC71E8CEDD9006B6825 /* ContactsViewController.storyboard */,
				F957FBC91E8CEDE6006B6825 /* FeedbackViewController.storyboard */,
				F957FBCB1E8CEE23006B6825 /* ShareViewController.storyboard */,
				F957FBCE1E8CEE55006B6825 /* SettingsViewController.storyboard */,
				F957FBD01E8CF0FF006B6825 /* LeftMenuViewController.storyboard */,
				5C256D7A1EA7E08A003E1276 /* CheckboxView.swift */,
			);
			path = View;
			sourceTree = "<group>";
		};
		F94A7AFD1E769274004ED5FD /* Helpers */ = {
			isa = PBXGroup;
			children = (
				5C1797251E8833F000751910 /* UIManager.swift */,
				5C8E294A1E80747800206EF0 /* GradientView.swift */,
				5C211F5B1EAE89AE00922379 /* Global.swift */,
			);
			path = Helpers;
			sourceTree = "<group>";
		};
		F94A7B011E76932A004ED5FD /* Fonts */ = {
			isa = PBXGroup;
			children = (
				5C8E294E1E80777D00206EF0 /* FuturaPTBold.otf */,
				5C8E294F1E80777D00206EF0 /* FuturaPTBoldOblique.otf */,
				5C8E29501E80777D00206EF0 /* FuturaPTBook.otf */,
				5C8E29511E80777D00206EF0 /* FuturaPTBookOblique.otf */,
				5C8E29521E80777D00206EF0 /* FuturaPTCondBold.otf */,
				5C8E29531E80777D00206EF0 /* FuturaPTCondBoldOblique.otf */,
				5C8E29541E80777D00206EF0 /* FuturaPTCondBook.otf */,
				5C8E29551E80777D00206EF0 /* FuturaPTCondBookOblique.otf */,
				5C8E29561E80777D00206EF0 /* FuturaPTCondExtraBold.otf */,
				5C8E29571E80777D00206EF0 /* FuturaPTCondExtraBoldOblique.otf */,
				5C8E29581E80777D00206EF0 /* FuturaPTCondMedium.otf */,
				5C8E29591E80777D00206EF0 /* FuturaPTCondMediumOblique.otf */,
				5C8E295A1E80777D00206EF0 /* FuturaPTDemi.otf */,
				5C8E295B1E80777D00206EF0 /* FuturaPTDemiOblique.otf */,
				5C8E295C1E80777D00206EF0 /* FuturaPTExtraBold.otf */,
				5C8E295D1E80777D00206EF0 /* FuturaPTExtraBoldOblique.otf */,
				5C8E295E1E80777D00206EF0 /* FuturaPTHeavy.otf */,
				5C8E295F1E80777D00206EF0 /* FuturaPTHeavyOblique.otf */,
				5C8E29601E80777D00206EF0 /* FuturaPTLight.otf */,
				5C8E29611E80777D00206EF0 /* FuturaPTLightOblique.otf */,
				5C8E29621E80777D00206EF0 /* FuturaPTMedium.otf */,
				5C8E29631E80777D00206EF0 /* FuturaPTMediumOblique.otf */,
			);
			path = Fonts;
			sourceTree = "<group>";
		};
		F957FBD21E8CF26F006B6825 /* Extensions */ = {
			isa = PBXGroup;
			children = (
				F957FBD31E8CF26F006B6825 /* UIViewControllerExtension.swift */,
				F93A58471E91802A00148AB8 /* UIButtonExtension.swift */,
				F93A58491E91815500148AB8 /* CGColorExtension.swift */,
				F90F00E41E94411E00B796E3 /* UIViewExtension.swift */,
				5C1A2CE31EABBDD5008C8AE7 /* DateExtension.swift */,
				5C211F591EAE88EA00922379 /* UITextFieldExtension.swift */,
			);
			path = Extensions;
			sourceTree = "<group>";
		};
		F957FBD41E8CF26F006B6825 /* Utils */ = {
			isa = PBXGroup;
			children = (
				5C9754531E9162430073D282 /* Extention */,
				5C9754551E9162430073D282 /* UIConstants.swift */,
				F957FBD51E8CF26F006B6825 /* Managers */,
				F957FBD91E8CF2CC006B6825 /* Constants.swift */,
			);
			path = Utils;
			sourceTree = "<group>";
		};
		F957FBD51E8CF26F006B6825 /* Managers */ = {
			isa = PBXGroup;
			children = (
				F957FBDB1E8CF3BE006B6825 /* RequestManager.swift */,
			);
			path = Managers;
			sourceTree = "<group>";
		};
/* End PBXGroup section */

/* Begin PBXNativeTarget section */
		F94A7AE41E768D2B004ED5FD /* GTickets */ = {
			isa = PBXNativeTarget;
			buildConfigurationList = F94A7AF71E768D2B004ED5FD /* Build configuration list for PBXNativeTarget "GTickets" */;
			buildPhases = (
				5024554845F099CC2FE2E2E8 /* [CP] Check Pods Manifest.lock */,
				F94A7AE11E768D2B004ED5FD /* Sources */,
				F94A7AE21E768D2B004ED5FD /* Frameworks */,
				F94A7AE31E768D2B004ED5FD /* Resources */,
				EA8B44D0B67F4CC18BDC0771 /* [CP] Embed Pods Frameworks */,
				BB011423DC7EF1D8804FFF5D /* [CP] Copy Pods Resources */,
			);
			buildRules = (
			);
			dependencies = (
			);
			name = GTickets;
			productName = GTickets;
			productReference = F94A7AE51E768D2B004ED5FD /* GTickets.app */;
			productType = "com.apple.product-type.application";
		};
/* End PBXNativeTarget section */

/* Begin PBXProject section */
		F94A7ADD1E768D2A004ED5FD /* Project object */ = {
			isa = PBXProject;
			attributes = {
				LastSwiftUpdateCheck = 0820;
				LastUpgradeCheck = 0820;
				ORGANIZATIONNAME = none;
				TargetAttributes = {
					F94A7AE41E768D2B004ED5FD = {
						CreatedOnToolsVersion = 8.2.1;
						DevelopmentTeam = F9BXSP7VLT;
						ProvisioningStyle = Automatic;
					};
				};
			};
			buildConfigurationList = F94A7AE01E768D2B004ED5FD /* Build configuration list for PBXProject "GTickets" */;
			compatibilityVersion = "Xcode 3.2";
			developmentRegion = English;
			hasScannedForEncodings = 0;
			knownRegions = (
				en,
				Base,
			);
			mainGroup = F94A7ADC1E768D2A004ED5FD;
			productRefGroup = F94A7AE61E768D2B004ED5FD /* Products */;
			projectDirPath = "";
			projectRoot = "";
			targets = (
				F94A7AE41E768D2B004ED5FD /* GTickets */,
			);
		};
/* End PBXProject section */

/* Begin PBXResourcesBuildPhase section */
		F94A7AE31E768D2B004ED5FD /* Resources */ = {
			isa = PBXResourcesBuildPhase;
			buildActionMask = 2147483647;
			files = (
				5C8E29751E80777D00206EF0 /* FuturaPTHeavyOblique.otf in Resources */,
				5C8E296C1E80777D00206EF0 /* FuturaPTCondExtraBold.otf in Resources */,
				5C8E29701E80777D00206EF0 /* FuturaPTDemi.otf in Resources */,
				5C8E29671E80777D00206EF0 /* FuturaPTBookOblique.otf in Resources */,
				5C8E29691E80777D00206EF0 /* FuturaPTCondBoldOblique.otf in Resources */,
				5C8E29651E80777D00206EF0 /* FuturaPTBoldOblique.otf in Resources */,
				F9A3BA791E8CFFE000A95CC6 /* Main.storyboard in Resources */,
				5C8E29711E80777D00206EF0 /* FuturaPTDemiOblique.otf in Resources */,
				5C8E29681E80777D00206EF0 /* FuturaPTCondBold.otf in Resources */,
				5C8E29771E80777D00206EF0 /* FuturaPTLightOblique.otf in Resources */,
				5C8E296D1E80777D00206EF0 /* FuturaPTCondExtraBoldOblique.otf in Resources */,
				5C1797281E8C0C7E00751910 /* AlertViewController.storyboard in Resources */,
				5C8E296B1E80777D00206EF0 /* FuturaPTCondBookOblique.otf in Resources */,
				5C17971D1E87FBCF00751910 /* Search.storyboard in Resources */,
				F94A7AF01E768D2B004ED5FD /* Assets.xcassets in Resources */,
				5C8E29731E80777D00206EF0 /* FuturaPTExtraBoldOblique.otf in Resources */,
				5CEC35501E957BD7004B69DA /* Calendar.storyboard in Resources */,
				5C8E29661E80777D00206EF0 /* FuturaPTBook.otf in Resources */,
				F9189D311E7BEEE100C6F7D5 /* LeftMenuCell.xib in Resources */,
				5C8E29761E80777D00206EF0 /* FuturaPTLight.otf in Resources */,
				5C8E29791E80777D00206EF0 /* FuturaPTMediumOblique.otf in Resources */,
				5C8E296F1E80777D00206EF0 /* FuturaPTCondMediumOblique.otf in Resources */,
				5C8E29721E80777D00206EF0 /* FuturaPTExtraBold.otf in Resources */,
				5C8E29741E80777D00206EF0 /* FuturaPTHeavy.otf in Resources */,
				5C8E296E1E80777D00206EF0 /* FuturaPTCondMedium.otf in Resources */,
				5C8E29781E80777D00206EF0 /* FuturaPTMedium.otf in Resources */,
				5C8E29641E80777D00206EF0 /* FuturaPTBold.otf in Resources */,
				5C8E296A1E80777D00206EF0 /* FuturaPTCondBook.otf in Resources */,
				F94A6CEE1E88531D00F84525 /* AirticketSearchViewController.storyboard in Resources */,
				F957FBD11E8CF0FF006B6825 /* LeftMenuViewController.storyboard in Resources */,
				F957FBCF1E8CEE55006B6825 /* SettingsViewController.storyboard in Resources */,
				F957FBC81E8CEDD9006B6825 /* ContactsViewController.storyboard in Resources */,
				F957FBCA1E8CEDE6006B6825 /* FeedbackViewController.storyboard in Resources */,
				F957FBC61E8CEDC6006B6825 /* BuyingTipsViewController.storyboard in Resources */,
				F957FBC41E8CED13006B6825 /* OrderViewController.storyboard in Resources */,
				F957FBC21E8CECE6006B6825 /* ProfileViewController.storyboard in Resources */,
				F957FBCC1E8CEE23006B6825 /* ShareViewController.storyboard in Resources */,
				F957FBE01E8CF4BC006B6825 /* MasterNavigationController.storyboard in Resources */,
				5CEC35611E957BD7004B69DA /* Info.plist in Resources */,
			);
			runOnlyForDeploymentPostprocessing = 0;
		};
/* End PBXResourcesBuildPhase section */

/* Begin PBXShellScriptBuildPhase section */
		5024554845F099CC2FE2E2E8 /* [CP] Check Pods Manifest.lock */ = {
			isa = PBXShellScriptBuildPhase;
			buildActionMask = 2147483647;
			files = (
			);
			inputPaths = (
			);
			name = "[CP] Check Pods Manifest.lock";
			outputPaths = (
			);
			runOnlyForDeploymentPostprocessing = 0;
			shellPath = /bin/sh;
			shellScript = "diff \"${PODS_ROOT}/../Podfile.lock\" \"${PODS_ROOT}/Manifest.lock\" > /dev/null\nif [ $? != 0 ] ; then\n    # print error to STDERR\n    echo \"error: The sandbox is not in sync with the Podfile.lock. Run 'pod install' or update your CocoaPods installation.\" >&2\n    exit 1\nfi\n";
			showEnvVarsInLog = 0;
		};
		BB011423DC7EF1D8804FFF5D /* [CP] Copy Pods Resources */ = {
			isa = PBXShellScriptBuildPhase;
			buildActionMask = 2147483647;
			files = (
			);
			inputPaths = (
			);
			name = "[CP] Copy Pods Resources";
			outputPaths = (
			);
			runOnlyForDeploymentPostprocessing = 0;
			shellPath = /bin/sh;
			shellScript = "\"${SRCROOT}/Pods/Target Support Files/Pods-GTickets/Pods-GTickets-resources.sh\"\n";
			showEnvVarsInLog = 0;
		};
		EA8B44D0B67F4CC18BDC0771 /* [CP] Embed Pods Frameworks */ = {
			isa = PBXShellScriptBuildPhase;
			buildActionMask = 2147483647;
			files = (
			);
			inputPaths = (
			);
			name = "[CP] Embed Pods Frameworks";
			outputPaths = (
			);
			runOnlyForDeploymentPostprocessing = 0;
			shellPath = /bin/sh;
			shellScript = "\"${SRCROOT}/Pods/Target Support Files/Pods-GTickets/Pods-GTickets-frameworks.sh\"\n";
			showEnvVarsInLog = 0;
		};
/* End PBXShellScriptBuildPhase section */

/* Begin PBXSourcesBuildPhase section */
		F94A7AE11E768D2B004ED5FD /* Sources */ = {
			isa = PBXSourcesBuildPhase;
			buildActionMask = 2147483647;
			files = (
				F9189D321E7BEEE100C6F7D5 /* LeftMenuView.swift in Sources */,
				5CEC35691E957BD7004B69DA /* RangeOfDatesCalendarController.swift in Sources */,
				5CEC35561E957BD7004B69DA /* FSCalendarCollectionView.m in Sources */,
				5CEC355D1E957BD7004B69DA /* FSCalendarScopeHandle.m in Sources */,
				F957FBDA1E8CF2CC006B6825 /* Constants.swift in Sources */,
				F9508CD41E7F293F0064D071 /* ContactsViewController.swift in Sources */,
				5C1797241E8800BA00751910 /* SearchData.swift in Sources */,
				5CEC35601E957BD7004B69DA /* FSCalendarWeekdayView.m in Sources */,
				5C8E294B1E80747800206EF0 /* GradientView.swift in Sources */,
				5CEC355F1E957BD7004B69DA /* FSCalendarTransitionCoordinator.m in Sources */,
				5CEC35551E957BD7004B69DA /* FSCalendarCell.m in Sources */,
				5C97545D1E91646D0073D282 /* AirticketSearchView.swift in Sources */,
				5CEC35541E957BD7004B69DA /* FSCalendarCalculator.m in Sources */,
				5C1797221E87FE7B00751910 /* SearchViewController.swift in Sources */,
				5C1A2CE41EABBDD5008C8AE7 /* DateExtension.swift in Sources */,
				5CEC35681E957BD7004B69DA /* OneDateCalendarController.swift in Sources */,
				F94A7AE91E768D2B004ED5FD /* AppDelegate.swift in Sources */,
				5C9754571E9162430073D282 /* UIConstants.swift in Sources */,
				F93A584A1E91815500148AB8 /* CGColorExtension.swift in Sources */,
				5C97545A1E9162530073D282 /* AirticketSearchCityResultList.swift in Sources */,
				F904B7BD1E807A6E00F6297E /* MasterView.swift in Sources */,
				F904A52E1E7DC34200911C67 /* MasterViewController.swift in Sources */,
				F957FBDE1E8CF46D006B6825 /* MasterNavigationController.swift in Sources */,
				F9508CD81E7F29850064D071 /* ShareViewController.swift in Sources */,
				5CEC355B1E957BD7004B69DA /* FSCalendarExtensions.m in Sources */,
				5CEC35511E957BD7004B69DA /* FSCalendar+Deprecated.m in Sources */,
				F9B619491E8ABCCB000D3157 /* SearchCityViewCell.swift in Sources */,
				F9189D361E7BEF0300C6F7D5 /* LeftMenuViewController.swift in Sources */,
				5CEC35531E957BD7004B69DA /* FSCalendarAppearance.m in Sources */,
				F904A5301E7DDE8700911C67 /* AirticketSearchViewController.swift in Sources */,
				F9189D301E7BEEE100C6F7D5 /* LeftMenuCell.swift in Sources */,
				F9508CD61E7F29650064D071 /* FeedbackViewController.swift in Sources */,
				F9508CDA1E7F29C60064D071 /* SettingsViewController.swift in Sources */,
				5CEC35521E957BD7004B69DA /* FSCalendar.m in Sources */,
				F919BDAF1E97CF5700FFB678 /* AirticketSearchPickerDelegate.swift in Sources */,
				5C1797261E8833F000751910 /* UIManager.swift in Sources */,
				5CEC35591E957BD7004B69DA /* FSCalendarDelegationFactory.m in Sources */,
				5C211F5A1EAE88EA00922379 /* UITextFieldExtension.swift in Sources */,
				5C1797201E87FD7800751910 /* SearchViewCell.swift in Sources */,
				5C9754561E9162430073D282 /* TextField.swift in Sources */,
				5CEC355A1E957BD7004B69DA /* FSCalendarDelegationProxy.m in Sources */,
				F93A58481E91802A00148AB8 /* UIButtonExtension.swift in Sources */,
				5CEC35631E957BD7004B69DA /* GTCalendarCell.swift in Sources */,
				F90F00E51E94411E00B796E3 /* UIViewExtension.swift in Sources */,
				5CEC35661E957BD7004B69DA /* GTCalendarView.swift in Sources */,
				5C256D7B1EA7E08A003E1276 /* CheckboxView.swift in Sources */,
				F904A5341E7DF74D00911C67 /* ProfileViewController.swift in Sources */,
				F9B619471E8ABBF7000D3157 /* SearchCityData.swift in Sources */,
				F907127D1E9597BC00FF789F /* AirticketSearchData.swift in Sources */,
				F9189D371E7BEF0300C6F7D5 /* MainViewController.swift in Sources */,
				5CEC35651E957BD7004B69DA /* GTCalendarDelegate.swift in Sources */,
				5CEC35571E957BD7004B69DA /* FSCalendarCollectionViewLayout.m in Sources */,
				5CEC35581E957BD7004B69DA /* FSCalendarConstants.m in Sources */,
				5CEC355C1E957BD7004B69DA /* FSCalendarHeaderView.m in Sources */,
				5C8E294D1E80748200206EF0 /* AlertView.swift in Sources */,
				F9508CD21E7F28FC0064D071 /* BuyingTipsViewController.swift in Sources */,
				5C211F5C1EAE89AE00922379 /* Global.swift in Sources */,
				F957FBD71E8CF26F006B6825 /* UIViewControllerExtension.swift in Sources */,
				5CEC355E1E957BD7004B69DA /* FSCalendarStickyHeader.m in Sources */,
				F904A5321E7DDEE400911C67 /* OrderViewController.swift in Sources */,
				5CEC35701E957F20004B69DA /* DIYCalendarCell.swift in Sources */,
				F957FBDC1E8CF3BE006B6825 /* RequestManager.swift in Sources */,
				5C97545B1E9162530073D282 /* SearchCityViewDelegate.swift in Sources */,
				5CD711561E97EEC500969516 /* AlertViewController.swift in Sources */,
			);
			runOnlyForDeploymentPostprocessing = 0;
		};
/* End PBXSourcesBuildPhase section */

/* Begin XCBuildConfiguration section */
		F94A7AF51E768D2B004ED5FD /* Debug */ = {
			isa = XCBuildConfiguration;
			buildSettings = {
				ALWAYS_SEARCH_USER_PATHS = NO;
				CLANG_ANALYZER_NONNULL = YES;
				CLANG_CXX_LANGUAGE_STANDARD = "gnu++0x";
				CLANG_CXX_LIBRARY = "libc++";
				CLANG_ENABLE_MODULES = YES;
				CLANG_ENABLE_OBJC_ARC = YES;
				CLANG_WARN_BOOL_CONVERSION = YES;
				CLANG_WARN_CONSTANT_CONVERSION = YES;
				CLANG_WARN_DIRECT_OBJC_ISA_USAGE = YES_ERROR;
				CLANG_WARN_DOCUMENTATION_COMMENTS = YES;
				CLANG_WARN_EMPTY_BODY = YES;
				CLANG_WARN_ENUM_CONVERSION = YES;
				CLANG_WARN_INFINITE_RECURSION = YES;
				CLANG_WARN_INT_CONVERSION = YES;
				CLANG_WARN_OBJC_ROOT_CLASS = YES_ERROR;
				CLANG_WARN_SUSPICIOUS_MOVE = YES;
				CLANG_WARN_UNREACHABLE_CODE = YES;
				CLANG_WARN__DUPLICATE_METHOD_MATCH = YES;
				"CODE_SIGN_IDENTITY[sdk=iphoneos*]" = "iPhone Developer";
				COPY_PHASE_STRIP = NO;
				DEBUG_INFORMATION_FORMAT = dwarf;
				ENABLE_STRICT_OBJC_MSGSEND = YES;
				ENABLE_TESTABILITY = YES;
				GCC_C_LANGUAGE_STANDARD = gnu99;
				GCC_DYNAMIC_NO_PIC = NO;
				GCC_NO_COMMON_BLOCKS = YES;
				GCC_OPTIMIZATION_LEVEL = 0;
				GCC_PREPROCESSOR_DEFINITIONS = (
					"DEBUG=1",
					"$(inherited)",
				);
				GCC_WARN_64_TO_32_BIT_CONVERSION = YES;
				GCC_WARN_ABOUT_RETURN_TYPE = YES_ERROR;
				GCC_WARN_UNDECLARED_SELECTOR = YES;
				GCC_WARN_UNINITIALIZED_AUTOS = YES_AGGRESSIVE;
				GCC_WARN_UNUSED_FUNCTION = YES;
				GCC_WARN_UNUSED_VARIABLE = YES;
				IPHONEOS_DEPLOYMENT_TARGET = 9.1;
				MTL_ENABLE_DEBUG_INFO = YES;
				ONLY_ACTIVE_ARCH = YES;
				SDKROOT = iphoneos;
				SWIFT_ACTIVE_COMPILATION_CONDITIONS = DEBUG;
				SWIFT_OPTIMIZATION_LEVEL = "-Onone";
			};
			name = Debug;
		};
		F94A7AF61E768D2B004ED5FD /* Release */ = {
			isa = XCBuildConfiguration;
			buildSettings = {
				ALWAYS_SEARCH_USER_PATHS = NO;
				CLANG_ANALYZER_NONNULL = YES;
				CLANG_CXX_LANGUAGE_STANDARD = "gnu++0x";
				CLANG_CXX_LIBRARY = "libc++";
				CLANG_ENABLE_MODULES = YES;
				CLANG_ENABLE_OBJC_ARC = YES;
				CLANG_WARN_BOOL_CONVERSION = YES;
				CLANG_WARN_CONSTANT_CONVERSION = YES;
				CLANG_WARN_DIRECT_OBJC_ISA_USAGE = YES_ERROR;
				CLANG_WARN_DOCUMENTATION_COMMENTS = YES;
				CLANG_WARN_EMPTY_BODY = YES;
				CLANG_WARN_ENUM_CONVERSION = YES;
				CLANG_WARN_INFINITE_RECURSION = YES;
				CLANG_WARN_INT_CONVERSION = YES;
				CLANG_WARN_OBJC_ROOT_CLASS = YES_ERROR;
				CLANG_WARN_SUSPICIOUS_MOVE = YES;
				CLANG_WARN_UNREACHABLE_CODE = YES;
				CLANG_WARN__DUPLICATE_METHOD_MATCH = YES;
				"CODE_SIGN_IDENTITY[sdk=iphoneos*]" = "iPhone Developer";
				COPY_PHASE_STRIP = NO;
				DEBUG_INFORMATION_FORMAT = "dwarf-with-dsym";
				ENABLE_NS_ASSERTIONS = NO;
				ENABLE_STRICT_OBJC_MSGSEND = YES;
				GCC_C_LANGUAGE_STANDARD = gnu99;
				GCC_NO_COMMON_BLOCKS = YES;
				GCC_WARN_64_TO_32_BIT_CONVERSION = YES;
				GCC_WARN_ABOUT_RETURN_TYPE = YES_ERROR;
				GCC_WARN_UNDECLARED_SELECTOR = YES;
				GCC_WARN_UNINITIALIZED_AUTOS = YES_AGGRESSIVE;
				GCC_WARN_UNUSED_FUNCTION = YES;
				GCC_WARN_UNUSED_VARIABLE = YES;
				IPHONEOS_DEPLOYMENT_TARGET = 9.1;
				MTL_ENABLE_DEBUG_INFO = NO;
				SDKROOT = iphoneos;
				SWIFT_OPTIMIZATION_LEVEL = "-Owholemodule";
				VALIDATE_PRODUCT = YES;
			};
			name = Release;
		};
		F94A7AF81E768D2B004ED5FD /* Debug */ = {
			isa = XCBuildConfiguration;
			baseConfigurationReference = CF7329BF0525D8F725DF307D /* Pods-GTickets.debug.xcconfig */;
			buildSettings = {
				ASSETCATALOG_COMPILER_APPICON_NAME = AppIcon;
				DEVELOPMENT_TEAM = F9BXSP7VLT;
				INFOPLIST_FILE = GTickets/Info.plist;
				IPHONEOS_DEPLOYMENT_TARGET = 9.0;
				LD_RUNPATH_SEARCH_PATHS = "$(inherited) @executable_path/Frameworks";
				PRODUCT_BUNDLE_IDENTIFIER = com.app.GTickets;
				PRODUCT_NAME = "$(TARGET_NAME)";
				SWIFT_OBJC_BRIDGING_HEADER = "$(SRCROOT)/Gtickets-Objc-Bridge-Header.h";
				SWIFT_VERSION = 3.0;
			};
			name = Debug;
		};
		F94A7AF91E768D2B004ED5FD /* Release */ = {
			isa = XCBuildConfiguration;
			baseConfigurationReference = E006CA98414570E04008AB26 /* Pods-GTickets.release.xcconfig */;
			buildSettings = {
				ASSETCATALOG_COMPILER_APPICON_NAME = AppIcon;
				DEVELOPMENT_TEAM = F9BXSP7VLT;
				INFOPLIST_FILE = GTickets/Info.plist;
				IPHONEOS_DEPLOYMENT_TARGET = 9.0;
				LD_RUNPATH_SEARCH_PATHS = "$(inherited) @executable_path/Frameworks";
				PRODUCT_BUNDLE_IDENTIFIER = com.app.GTickets;
				PRODUCT_NAME = "$(TARGET_NAME)";
				SWIFT_OBJC_BRIDGING_HEADER = "$(SRCROOT)/Gtickets-Objc-Bridge-Header.h";
				SWIFT_VERSION = 3.0;
			};
			name = Release;
		};
/* End XCBuildConfiguration section */

/* Begin XCConfigurationList section */
		F94A7AE01E768D2B004ED5FD /* Build configuration list for PBXProject "GTickets" */ = {
			isa = XCConfigurationList;
			buildConfigurations = (
				F94A7AF51E768D2B004ED5FD /* Debug */,
				F94A7AF61E768D2B004ED5FD /* Release */,
			);
			defaultConfigurationIsVisible = 0;
			defaultConfigurationName = Release;
		};
		F94A7AF71E768D2B004ED5FD /* Build configuration list for PBXNativeTarget "GTickets" */ = {
			isa = XCConfigurationList;
			buildConfigurations = (
				F94A7AF81E768D2B004ED5FD /* Debug */,
				F94A7AF91E768D2B004ED5FD /* Release */,
			);
			defaultConfigurationIsVisible = 0;
			defaultConfigurationName = Release;
		};
/* End XCConfigurationList section */
	};
	rootObject = F94A7ADD1E768D2A004ED5FD /* Project object */;
}
